Microsoft Visual Studio Solution File, Format Version 12.00
# Visual Studio Version 17
VisualStudioVersion = 17.5.2.0
MinimumVisualStudioVersion = 10.0.40219.1
Project("{FAE04EC0-301F-11D3-BF4B-00C04F79EFBC}") = "IATAScraper", "IATAScraper.csproj", "{3643515E-7FDD-5454-049B-665357FB9950}"
EndProject
Global
	GlobalSection(SolutionConfigurationPlatforms) = preSolution
		Debug|Any CPU = Debug|Any CPU
		Release|Any CPU = Release|Any CPU
	EndGlobalSection
	GlobalSection(ProjectConfigurationPlatforms) = postSolution
		{3643515E-7FDD-5454-049B-665357FB9950}.Debug|Any CPU.ActiveCfg = Debug|Any CPU
		{3643515E-7FDD-5454-049B-665357FB9950}.Debug|Any CPU.Build.0 = Debug|Any CPU
		{3643515E-7FDD-5454-049B-665357FB9950}.Release|Any CPU.ActiveCfg = Release|Any CPU
		{3643515E-7FDD-5454-049B-665357FB9950}.Release|Any CPU.Build.0 = Release|Any CPU
	EndGlobalSection
	GlobalSection(SolutionProperties) = preSolution
		HideSolutionNode = FALSE
	EndGlobalSection
	GlobalSection(ExtensibilityGlobals) = postSolution
		SolutionGuid = {DD6D4ED2-8DF5-4718-A4F6-7F1A3361ED4B}
	EndGlobalSection
EndGlobal
